// !$*UTF8*$!
{
	archiveVersion = 1;
	classes = {
	};
	objectVersion = 50;
	objects = {

/* Begin PBXBuildFile section */
		298EFBCA207A6019006AC822 /* AppDelegate.swift in Sources */ = {isa = PBXBuildFile; fileRef = 298EFBC9207A6019006AC822 /* AppDelegate.swift */; };
		298EFBCC207A6019006AC822 /* GameScene.sks in Resources */ = {isa = PBXBuildFile; fileRef = 298EFBCB207A6019006AC822 /* GameScene.sks */; };
		298EFBCE207A6019006AC822 /* Actions.sks in Resources */ = {isa = PBXBuildFile; fileRef = 298EFBCD207A6019006AC822 /* Actions.sks */; };
		298EFBD0207A6019006AC822 /* GameScene.swift in Sources */ = {isa = PBXBuildFile; fileRef = 298EFBCF207A6019006AC822 /* GameScene.swift */; };
		298EFBD2207A6019006AC822 /* GameViewController.swift in Sources */ = {isa = PBXBuildFile; fileRef = 298EFBD1207A6019006AC822 /* GameViewController.swift */; };
		298EFBD5207A6019006AC822 /* Main.storyboard in Resources */ = {isa = PBXBuildFile; fileRef = 298EFBD3207A6019006AC822 /* Main.storyboard */; };
		298EFBD7207A601A006AC822 /* Assets.xcassets in Resources */ = {isa = PBXBuildFile; fileRef = 298EFBD6207A601A006AC822 /* Assets.xcassets */; };
		298EFBDA207A601A006AC822 /* LaunchScreen.storyboard in Resources */ = {isa = PBXBuildFile; fileRef = 298EFBD8207A601A006AC822 /* LaunchScreen.storyboard */; };
/* End PBXBuildFile section */

/* Begin PBXFileReference section */
		298EFBC6207A6019006AC822 /* PestControl.app */ = {isa = PBXFileReference; explicitFileType = wrapper.application; includeInIndex = 0; path = PestControl.app; sourceTree = BUILT_PRODUCTS_DIR; };
		298EFBC9207A6019006AC822 /* AppDelegate.swift */ = {isa = PBXFileReference; lastKnownFileType = sourcecode.swift; path = AppDelegate.swift; sourceTree = "<group>"; };
		298EFBCB207A6019006AC822 /* GameScene.sks */ = {isa = PBXFileReference; lastKnownFileType = file.sks; path = GameScene.sks; sourceTree = "<group>"; };
		298EFBCD207A6019006AC822 /* Actions.sks */ = {isa = PBXFileReference; lastKnownFileType = file.sks; path = Actions.sks; sourceTree = "<group>"; };
		298EFBCF207A6019006AC822 /* GameScene.swift */ = {isa = PBXFileReference; lastKnownFileType = sourcecode.swift; path = GameScene.swift; sourceTree = "<group>"; };
		298EFBD1207A6019006AC822 /* GameViewController.swift */ = {isa = PBXFileReference; lastKnownFileType = sourcecode.swift; path = GameViewController.swift; sourceTree = "<group>"; };
		298EFBD4207A6019006AC822 /* Base */ = {isa = PBXFileReference; lastKnownFileType = file.storyboard; name = Base; path = Base.lproj/Main.storyboard; sourceTree = "<group>"; };
		298EFBD6207A601A006AC822 /* Assets.xcassets */ = {isa = PBXFileReference; lastKnownFileType = folder.assetcatalog; path = Assets.xcassets; sourceTree = "<group>"; };
		298EFBD9207A601A006AC822 /* Base */ = {isa = PBXFileReference; lastKnownFileType = file.storyboard; name = Base; path = Base.lproj/LaunchScreen.storyboard; sourceTree = "<group>"; };
		298EFBDB207A601A006AC822 /* Info.plist */ = {isa = PBXFileReference; lastKnownFileType = text.plist.xml; path = Info.plist; sourceTree = "<group>"; };
/* End PBXFileReference section */

/* Begin PBXFrameworksBuildPhase section */
		298EFBC3207A6019006AC822 /* Frameworks */ = {
			isa = PBXFrameworksBuildPhase;
			buildActionMask = 2147483647;
			files = (
			);
			runOnlyForDeploymentPostprocessing = 0;
		};
/* End PBXFrameworksBuildPhase section */

/* Begin PBXGroup section */
		298EFBBD207A6019006AC822 = {
			isa = PBXGroup;
			children = (
				298EFBC8207A6019006AC822 /* PestControl */,
				298EFBC7207A6019006AC822 /* Products */,
			);
			sourceTree = "<group>";
		};
		298EFBC7207A6019006AC822 /* Products */ = {
			isa = PBXGroup;
			children = (
				298EFBC6207A6019006AC822 /* PestControl.app */,
			);
			name = Products;
			sourceTree = "<group>";
		};
		298EFBC8207A6019006AC822 /* PestControl */ = {
			isa = PBXGroup;
			children = (
				298EFBC9207A6019006AC822 /* AppDelegate.swift */,
				298EFBCB207A6019006AC822 /* GameScene.sks */,
				298EFBCD207A6019006AC822 /* Actions.sks */,
				298EFBCF207A6019006AC822 /* GameScene.swift */,
				298EFBD1207A6019006AC822 /* GameViewController.swift */,
				298EFBD3207A6019006AC822 /* Main.storyboard */,
				298EFBD6207A601A006AC822 /* Assets.xcassets */,
				298EFBD8207A601A006AC822 /* LaunchScreen.storyboard */,
				298EFBDB207A601A006AC822 /* Info.plist */,
			);
			path = PestControl;
			sourceTree = "<group>";
		};
/* End PBXGroup section */

/* Begin PBXNativeTarget section */
		298EFBC5207A6019006AC822 /* PestControl */ = {
			isa = PBXNativeTarget;
			buildConfigurationList = 298EFBDE207A601A006AC822 /* Build configuration list for PBXNativeTarget "PestControl" */;
			buildPhases = (
				298EFBC2207A6019006AC822 /* Sources */,
				298EFBC3207A6019006AC822 /* Frameworks */,
				298EFBC4207A6019006AC822 /* Resources */,
			);
			buildRules = (
			);
			dependencies = (
			);
			name = PestControl;
			productName = PestControl;
			productReference = 298EFBC6207A6019006AC822 /* PestControl.app */;
			productType = "com.apple.product-type.application";
		};
/* End PBXNativeTarget section */

/* Begin PBXProject section */
		298EFBBE207A6019006AC822 /* Project object */ = {
			isa = PBXProject;
			attributes = {
				LastSwiftUpdateCheck = 0930;
				LastUpgradeCheck = 0930;
				ORGANIZATIONNAME = "Bernardo Sarto de Lucena";
				TargetAttributes = {
					298EFBC5207A6019006AC822 = {
						CreatedOnToolsVersion = 9.3;
					};
				};
			};
			buildConfigurationList = 298EFBC1207A6019006AC822 /* Build configuration list for PBXProject "PestControl" */;
			compatibilityVersion = "Xcode 9.3";
			developmentRegion = en;
			hasScannedForEncodings = 0;
			knownRegions = (
				en,
				Base,
			);
			mainGroup = 298EFBBD207A6019006AC822;
			productRefGroup = 298EFBC7207A6019006AC822 /* Products */;
			projectDirPath = "";
			projectRoot = "";
			targets = (
				298EFBC5207A6019006AC822 /* PestControl */,
			);
		};
/* End PBXProject section */

/* Begin PBXResourcesBuildPhase section */
		298EFBC4207A6019006AC822 /* Resources */ = {
			isa = PBXResourcesBuildPhase;
			buildActionMask = 2147483647;
			files = (
				298EFBD5207A6019006AC822 /* Main.storyboard in Resources */,
				298EFBCC207A6019006AC822 /* GameScene.sks in Resources */,
				298EFBD7207A601A006AC822 /* Assets.xcassets in Resources */,
				298EFBDA207A601A006AC822 /* LaunchScreen.storyboard in Resources */,
				298EFBCE207A6019006AC822 /* Actions.sks in Resources */,
			);
			runOnlyForDeploymentPostprocessing = 0;
		};
/* End PBXResourcesBuildPhase section */

/* Begin PBXSourcesBuildPhase section */
		298EFBC2207A6019006AC822 /* Sources */ = {
			isa = PBXSourcesBuildPhase;
			buildActionMask = 2147483647;
			files = (
				298EFBD0207A6019006AC822 /* GameScene.swift in Sources */,
				298EFBD2207A6019006AC822 /* GameViewController.swift in Sources */,
				298EFBCA207A6019006AC822 /* AppDelegate.swift in Sources */,
			);
			runOnlyForDeploymentPostprocessing = 0;
		};
/* End PBXSourcesBuildPhase section */

/* Begin PBXVariantGroup section */
		298EFBD3207A6019006AC822 /* Main.storyboard */ = {
			isa = PBXVariantGroup;
			children = (
				298EFBD4207A6019006AC822 /* Base */,
			);
			name = Main.storyboard;
			sourceTree = "<group>";
		};
		298EFBD8207A601A006AC822 /* LaunchScreen.storyboard */ = {
			isa = PBXVariantGroup;
			children = (
				298EFBD9207A601A006AC822 /* Base */,
			);
			name = LaunchScreen.storyboard;
			sourceTree = "<group>";
		};
/* End PBXVariantGroup section */

/* Begin XCBuildConfiguration section */
		298EFBDC207A601A006AC822 /* Debug */ = {
			isa = XCBuildConfiguration;
			buildSettings = {
				ALWAYS_SEARCH_USER_PATHS = NO;
				CLANG_ANALYZER_NONNULL = YES;
				CLANG_ANALYZER_NUMBER_OBJECT_CONVERSION = YES_AGGRESSIVE;
				CLANG_CXX_LANGUAGE_STANDARD = "gnu++14";
				CLANG_CXX_LIBRARY = "libc++";
				CLANG_ENABLE_MODULES = YES;
				CLANG_ENABLE_OBJC_ARC = YES;
				CLANG_ENABLE_OBJC_WEAK = YES;
				CLANG_WARN_BLOCK_CAPTURE_AUTORELEASING = YES;
				CLANG_WARN_BOOL_CONVERSION = YES;
				CLANG_WARN_COMMA = YES;
				CLANG_WARN_CONSTANT_CONVERSION = YES;
				CLANG_WARN_DEPRECATED_OBJC_IMPLEMENTATIONS = YES;
				CLANG_WARN_DIRECT_OBJC_ISA_USAGE = YES_ERROR;
				CLANG_WARN_DOCUMENTATION_COMMENTS = YES;
				CLANG_WARN_EMPTY_BODY = YES;
				CLANG_WARN_ENUM_CONVERSION = YES;
				CLANG_WARN_INFINITE_RECURSION = YES;
				CLANG_WARN_INT_CONVERSION = YES;
				CLANG_WARN_NON_LITERAL_NULL_CONVERSION = YES;
				CLANG_WARN_OBJC_IMPLICIT_RETAIN_SELF = YES;
				CLANG_WARN_OBJC_LITERAL_CONVERSION = YES;
				CLANG_WARN_OBJC_ROOT_CLASS = YES_ERROR;
				CLANG_WARN_RANGE_LOOP_ANALYSIS = YES;
				CLANG_WARN_STRICT_PROTOTYPES = YES;
				CLANG_WARN_SUSPICIOUS_MOVE = YES;
				CLANG_WARN_UNGUARDED_AVAILABILITY = YES_AGGRESSIVE;
				CLANG_WARN_UNREACHABLE_CODE = YES;
				CLANG_WARN__DUPLICATE_METHOD_MATCH = YES;
				CODE_SIGN_IDENTITY = "iPhone Developer";
				COPY_PHASE_STRIP = NO;
				DEBUG_INFORMATION_FORMAT = dwarf;
				ENABLE_STRICT_OBJC_MSGSEND = YES;
				ENABLE_TESTABILITY = YES;
				GCC_C_LANGUAGE_STANDARD = gnu11;
				GCC_DYNAMIC_NO_PIC = NO;
				GCC_NO_COMMON_BLOCKS = YES;
				GCC_OPTIMIZATION_LEVEL = 0;
				GCC_PREPROCESSOR_DEFINITIONS = (
					"DEBUG=1",
					"$(inherited)",
				);
				GCC_WARN_64_TO_32_BIT_CONVERSION = YES;
				GCC_WARN_ABOUT_RETURN_TYPE = YES_ERROR;
				GCC_WARN_UNDECLARED_SELECTOR = YES;
				GCC_WARN_UNINITIALIZED_AUTOS = YES_AGGRESSIVE;
				GCC_WARN_UNUSED_FUNCTION = YES;
				GCC_WARN_UNUSED_VARIABLE = YES;
				IPHONEOS_DEPLOYMENT_TARGET = 11.3;
				MTL_ENABLE_DEBUG_INFO = YES;
				ONLY_ACTIVE_ARCH = YES;
				SDKROOT = iphoneos;
				SWIFT_ACTIVE_COMPILATION_CONDITIONS = DEBUG;
				SWIFT_OPTIMIZATION_LEVEL = "-Onone";
			};
			name = Debug;
		};
		298EFBDD207A601A006AC822 /* Release */ = {
			isa = XCBuildConfiguration;
			buildSettings = {
				ALWAYS_SEARCH_USER_PATHS = NO;
				CLANG_ANALYZER_NONNULL = YES;
				CLANG_ANALYZER_NUMBER_OBJECT_CONVERSION = YES_AGGRESSIVE;
				CLANG_CXX_LANGUAGE_STANDARD = "gnu++14";
				CLANG_CXX_LIBRARY = "libc++";
				CLANG_ENABLE_MODULES = YES;
				CLANG_ENABLE_OBJC_ARC = YES;
				CLANG_ENABLE_OBJC_WEAK = YES;
				CLANG_WARN_BLOCK_CAPTURE_AUTORELEASING = YES;
				CLANG_WARN_BOOL_CONVERSION = YES;
				CLANG_WARN_COMMA = YES;
				CLANG_WARN_CONSTANT_CONVERSION = YES;
				CLANG_WARN_DEPRECATED_OBJC_IMPLEMENTATIONS = YES;
				CLANG_WARN_DIRECT_OBJC_ISA_USAGE = YES_ERROR;
				CLANG_WARN_DOCUMENTATION_COMMENTS = YES;
				CLANG_WARN_EMPTY_BODY = YES;
				CLANG_WARN_ENUM_CONVERSION = YES;
				CLANG_WARN_INFINITE_RECURSION = YES;
				CLANG_WARN_INT_CONVERSION = YES;
				CLANG_WARN_NON_LITERAL_NULL_CONVERSION = YES;
				CLANG_WARN_OBJC_IMPLICIT_RETAIN_SELF = YES;
				CLANG_WARN_OBJC_LITERAL_CONVERSION = YES;
				CLANG_WARN_OBJC_ROOT_CLASS = YES_ERROR;
				CLANG_WARN_RANGE_LOOP_ANALYSIS = YES;
				CLANG_WARN_STRICT_PROTOTYPES = YES;
				CLANG_WARN_SUSPICIOUS_MOVE = YES;
				CLANG_WARN_UNGUARDED_AVAILABILITY = YES_AGGRESSIVE;
				CLANG_WARN_UNREACHABLE_CODE = YES;
				CLANG_WARN__DUPLICATE_METHOD_MATCH = YES;
				CODE_SIGN_IDENTITY = "iPhone Developer";
				COPY_PHASE_STRIP = NO;
				DEBUG_INFORMATION_FORMAT = "dwarf-with-dsym";
				ENABLE_NS_ASSERTIONS = NO;
				ENABLE_STRICT_OBJC_MSGSEND = YES;
				GCC_C_LANGUAGE_STANDARD = gnu11;
				GCC_NO_COMMON_BLOCKS = YES;
				GCC_WARN_64_TO_32_BIT_CONVERSION = YES;
				GCC_WARN_ABOUT_RETURN_TYPE = YES_ERROR;
				GCC_WARN_UNDECLARED_SELECTOR = YES;
				GCC_WARN_UNINITIALIZED_AUTOS = YES_AGGRESSIVE;
				GCC_WARN_UNUSED_FUNCTION = YES;
				GCC_WARN_UNUSED_VARIABLE = YES;
				IPHONEOS_DEPLOYMENT_TARGET = 11.3;
				MTL_ENABLE_DEBUG_INFO = NO;
				SDKROOT = iphoneos;
				SWIFT_COMPILATION_MODE = wholemodule;
				SWIFT_OPTIMIZATION_LEVEL = "-O";
				VALIDATE_PRODUCT = YES;
			};
			name = Release;
		};
		298EFBDF207A601A006AC822 /* Debug */ = {
			isa = XCBuildConfiguration;
			buildSettings = {
				ASSETCATALOG_COMPILER_APPICON_NAME = AppIcon;
				CODE_SIGN_STYLE = Automatic;
				DEVELOPMENT_TEAM = 7S38MGUL29;
				INFOPLIST_FILE = PestControl/Info.plist;
				LD_RUNPATH_SEARCH_PATHS = (
					"$(inherited)",
					"@executable_path/Frameworks",
				);
				PRODUCT_BUNDLE_IDENTIFIER = academy.PestControl;
				PRODUCT_NAME = "$(TARGET_NAME)";
				SWIFT_VERSION = 4.0;
				TARGETED_DEVICE_FAMILY = "1,2";
			};
			name = Debug;
		};
		298EFBE0207A601A006AC822 /* Release */ = {
			isa = XCBuildConfiguration;
			buildSettings = {
				ASSETCATALOG_COMPILER_APPICON_NAME = AppIcon;
				CODE_SIGN_STYLE = Automatic;
				DEVELOPMENT_TEAM = 7S38MGUL29;
				INFOPLIST_FILE = PestControl/Info.plist;
				LD_RUNPATH_SEARCH_PATHS = (
					"$(inherited)",
					"@executable_path/Frameworks",
				);
				PRODUCT_BUNDLE_IDENTIFIER = academy.PestControl;
				PRODUCT_NAME = "$(TARGET_NAME)";
				SWIFT_VERSION = 4.0;
				TARGETED_DEVICE_FAMILY = "1,2";
			};
			name = Release;
		};
/* End XCBuildConfiguration section */

/* Begin XCConfigurationList section */
		298EFBC1207A6019006AC822 /* Build configuration list for PBXProject "PestControl" */ = {
			isa = XCConfigurationList;
			buildConfigurations = (
				298EFBDC207A601A006AC822 /* Debug */,
				298EFBDD207A601A006AC822 /* Release */,
			);
			defaultConfigurationIsVisible = 0;
			defaultConfigurationName = Release;
		};
		298EFBDE207A601A006AC822 /* Build configuration list for PBXNativeTarget "PestControl" */ = {
			isa = XCConfigurationList;
			buildConfigurations = (
				298EFBDF207A601A006AC822 /* Debug */,
				298EFBE0207A601A006AC822 /* Release */,
			);
			defaultConfigurationIsVisible = 0;
			defaultConfigurationName = Release;
		};
/* End XCConfigurationList section */
	};
	rootObject = 298EFBBE207A6019006AC822 /* Project object */;
}
